
Microsoft Visual Studio Solution File, Format Version 12.00
# Visual Studio Version 17
VisualStudioVersion = 17.8.34330.188
MinimumVisualStudioVersion = 10.0.40219.1
Project("{FAE04EC0-301F-11D3-BF4B-00C04F79EFBC}") = "WpfApp1", "WpfApp1\WpfApp1.csproj", "{D441C714-08AC-46A1-AA95-0269022413E2}"
EndProject
Project("{FAE04EC0-301F-11D3-BF4B-00C04F79EFBC}") = "ClassLibrary1", "ClassLibrary1\ClassLibrary1.csproj", "{1EB06A76-8263-4DAF-B485-9277E5666B33}"
EndProject
Global
	GlobalSection(SolutionConfigurationPlatforms) = preSolution
		Debug|Any CPU = Debug|Any CPU
		Release|Any CPU = Release|Any CPU
	EndGlobalSection
	GlobalSection(ProjectConfigurationPlatforms) = postSolution
		{D441C714-08AC-46A1-AA95-0269022413E2}.Debug|Any CPU.ActiveCfg = Debug|Any CPU
		{D441C714-08AC-46A1-AA95-0269022413E2}.Debug|Any CPU.Build.0 = Debug|Any CPU
		{D441C714-08AC-46A1-AA95-0269022413E2}.Release|Any CPU.ActiveCfg = Release|Any CPU
		{D441C714-08AC-46A1-AA95-0269022413E2}.Release|Any CPU.Build.0 = Release|Any CPU
		{1EB06A76-8263-4DAF-B485-9277E5666B33}.Debug|Any CPU.ActiveCfg = Debug|Any CPU
		{1EB06A76-8263-4DAF-B485-9277E5666B33}.Debug|Any CPU.Build.0 = Debug|Any CPU
		{1EB06A76-8263-4DAF-B485-9277E5666B33}.Release|Any CPU.ActiveCfg = Release|Any CPU
		{1EB06A76-8263-4DAF-B485-9277E5666B33}.Release|Any CPU.Build.0 = Release|Any CPU
	EndGlobalSection
	GlobalSection(SolutionProperties) = preSolution
		HideSolutionNode = FALSE
	EndGlobalSection
	GlobalSection(ExtensibilityGlobals) = postSolution
		SolutionGuid = {27C70085-A192-45AC-A04B-F71123FC3B15}
	EndGlobalSection
EndGlobal
